// !$*UTF8*$!
{
	archiveVersion = 1;
	classes = {
	};
	objectVersion = 46;
	objects = {

/* Begin PBXBuildFile section */
		A11712771E2140CC00C7C791 /* AddFrameCollectionViewCell.swift in Sources */ = {isa = PBXBuildFile; fileRef = A11712751E2140CC00C7C791 /* AddFrameCollectionViewCell.swift */; };
		A11712781E2140CC00C7C791 /* AddFrameCollectionViewCell.xib in Resources */ = {isa = PBXBuildFile; fileRef = A11712761E2140CC00C7C791 /* AddFrameCollectionViewCell.xib */; };
		A12FE7D81E153B5D0015989D /* CoreDataTableViewController.swift in Sources */ = {isa = PBXBuildFile; fileRef = A12FE7D71E153B5D0015989D /* CoreDataTableViewController.swift */; };
		A12FE7DB1E15454A0015989D /* LayerTableViewCell.swift in Sources */ = {isa = PBXBuildFile; fileRef = A12FE7D91E15454A0015989D /* LayerTableViewCell.swift */; };
		A12FE7DC1E15454A0015989D /* LayerTableViewCell.xib in Resources */ = {isa = PBXBuildFile; fileRef = A12FE7DA1E15454A0015989D /* LayerTableViewCell.xib */; };
		A12FE7E01E1584280015989D /* CoreDataTableViewCell.swift in Sources */ = {isa = PBXBuildFile; fileRef = A12FE7DF1E1584280015989D /* CoreDataTableViewCell.swift */; };
		A12FE7E31E1597F30015989D /* Brush.swift in Sources */ = {isa = PBXBuildFile; fileRef = A12FE7E21E1597F30015989D /* Brush.swift */; };
		A12FE7E51E1598FE0015989D /* BrushDelegate.swift in Sources */ = {isa = PBXBuildFile; fileRef = A12FE7E41E1598FE0015989D /* BrushDelegate.swift */; };
		A12FE7E71E1599430015989D /* BrushController.swift in Sources */ = {isa = PBXBuildFile; fileRef = A12FE7E61E1599430015989D /* BrushController.swift */; };
		A12FE7E91E1599A70015989D /* BrushView.swift in Sources */ = {isa = PBXBuildFile; fileRef = A12FE7E81E1599A70015989D /* BrushView.swift */; };
		A12FE7EB1E15A1AA0015989D /* BrushView.xib in Resources */ = {isa = PBXBuildFile; fileRef = A12FE7EA1E15A1AA0015989D /* BrushView.xib */; };
		A130A2011E26DBE10073CD51 /* MainNavigationController.swift in Sources */ = {isa = PBXBuildFile; fileRef = A130A2001E26DBE10073CD51 /* MainNavigationController.swift */; };
		A13C8ED91E2AC0E200FA33AD /* OCGraphic.swift in Sources */ = {isa = PBXBuildFile; fileRef = A13C8ED81E2AC0E200FA33AD /* OCGraphic.swift */; };
		A143A78F1DEBF53A004DBC84 /* AppDelegate.swift in Sources */ = {isa = PBXBuildFile; fileRef = A143A78E1DEBF53A004DBC84 /* AppDelegate.swift */; };
		A143A7911DEBF53A004DBC84 /* GameScene.sks in Resources */ = {isa = PBXBuildFile; fileRef = A143A7901DEBF53A004DBC84 /* GameScene.sks */; };
		A143A7931DEBF53A004DBC84 /* Actions.sks in Resources */ = {isa = PBXBuildFile; fileRef = A143A7921DEBF53A004DBC84 /* Actions.sks */; };
		A143A7951DEBF53A004DBC84 /* GameScene.swift in Sources */ = {isa = PBXBuildFile; fileRef = A143A7941DEBF53A004DBC84 /* GameScene.swift */; };
		A143A7971DEBF53A004DBC84 /* GameViewController.swift in Sources */ = {isa = PBXBuildFile; fileRef = A143A7961DEBF53A004DBC84 /* GameViewController.swift */; };
		A143A79A1DEBF53A004DBC84 /* Main.storyboard in Resources */ = {isa = PBXBuildFile; fileRef = A143A7981DEBF53A004DBC84 /* Main.storyboard */; };
		A143A79C1DEBF53A004DBC84 /* Assets.xcassets in Resources */ = {isa = PBXBuildFile; fileRef = A143A79B1DEBF53A004DBC84 /* Assets.xcassets */; };
		A143A79F1DEBF53A004DBC84 /* LaunchScreen.storyboard in Resources */ = {isa = PBXBuildFile; fileRef = A143A79D1DEBF53A004DBC84 /* LaunchScreen.storyboard */; };
		A143A7B51DEBF53A004DBC84 /* MakeUITests.swift in Sources */ = {isa = PBXBuildFile; fileRef = A143A7B41DEBF53A004DBC84 /* MakeUITests.swift */; };
		A18B0D121E182EA10079EBBE /* CoreDataCollectionViewController.swift in Sources */ = {isa = PBXBuildFile; fileRef = A18B0D111E182EA10079EBBE /* CoreDataCollectionViewController.swift */; };
		A18B0D141E1830620079EBBE /* CoreDataCollectionViewCell.swift in Sources */ = {isa = PBXBuildFile; fileRef = A18B0D131E1830620079EBBE /* CoreDataCollectionViewCell.swift */; };
		A18B0D171E1837FA0079EBBE /* FrameController.swift in Sources */ = {isa = PBXBuildFile; fileRef = A18B0D161E1837FA0079EBBE /* FrameController.swift */; };
		A18B0D1A1E18385F0079EBBE /* FrameCollectionViewCell.swift in Sources */ = {isa = PBXBuildFile; fileRef = A18B0D181E18385F0079EBBE /* FrameCollectionViewCell.swift */; };
		A18B0D1B1E18385F0079EBBE /* FrameCollectionViewCell.xib in Resources */ = {isa = PBXBuildFile; fileRef = A18B0D191E18385F0079EBBE /* FrameCollectionViewCell.xib */; };
		A18F26CA1E0D05FD0057FB74 /* CoreDataTestStack.swift in Sources */ = {isa = PBXBuildFile; fileRef = A18F26C91E0D05FD0057FB74 /* CoreDataTestStack.swift */; };
		A18F26CD1E0D0F900057FB74 /* CoreData.framework in Frameworks */ = {isa = PBXBuildFile; fileRef = A18F26CC1E0D0F900057FB74 /* CoreData.framework */; };
		A1C5CD0D1E0D332000102431 /* SCConnector.swift in Sources */ = {isa = PBXBuildFile; fileRef = A1C5CD0C1E0D332000102431 /* SCConnector.swift */; };
		A1C5CD5A1E0DCF6A00102431 /* SCFrameTests.swift in Sources */ = {isa = PBXBuildFile; fileRef = A1C5CD581E0DCF6A00102431 /* SCFrameTests.swift */; };
		A1C5CD5B1E0DCF6A00102431 /* SCGraphicTests.swift in Sources */ = {isa = PBXBuildFile; fileRef = A1C5CD591E0DCF6A00102431 /* SCGraphicTests.swift */; };
		A1C5CD5D1E0EA4D200102431 /* SCLayerTests.swift in Sources */ = {isa = PBXBuildFile; fileRef = A1C5CD5C1E0EA4D200102431 /* SCLayerTests.swift */; };
		A1C5CD5F1E0EBF3F00102431 /* SCConstants.swift in Sources */ = {isa = PBXBuildFile; fileRef = A1C5CD5E1E0EBF3F00102431 /* SCConstants.swift */; };
		A1C5CD671E122F8000102431 /* CanvasView.swift in Sources */ = {isa = PBXBuildFile; fileRef = A1C5CD661E122F8000102431 /* CanvasView.swift */; };
		A1C5CD691E122F9B00102431 /* CanvasDelegate.swift in Sources */ = {isa = PBXBuildFile; fileRef = A1C5CD681E122F9B00102431 /* CanvasDelegate.swift */; };
		A1C5CD6E1E1374D500102431 /* LayerController.swift in Sources */ = {isa = PBXBuildFile; fileRef = A1C5CD6D1E1374D500102431 /* LayerController.swift */; };
		A1CA78631E0B131E00B7B4FA /* CoreDataExtensions.swift in Sources */ = {isa = PBXBuildFile; fileRef = A1CA78621E0B131E00B7B4FA /* CoreDataExtensions.swift */; };
		A1DBE07B1E0670590053758F /* SCModel.xcdatamodeld in Sources */ = {isa = PBXBuildFile; fileRef = A1DBE0781E0670590053758F /* SCModel.xcdatamodeld */; };
		A1DBE0CF1E0671770053758F /* SCWorld+CoreDataClass.swift in Sources */ = {isa = PBXBuildFile; fileRef = A1DBE0BF1E0671770053758F /* SCWorld+CoreDataClass.swift */; };
		A1DBE0D11E0671770053758F /* SCMethod+CoreDataClass.swift in Sources */ = {isa = PBXBuildFile; fileRef = A1DBE0C11E0671770053758F /* SCMethod+CoreDataClass.swift */; };
		A1DBE0D31E0671770053758F /* SCScene+CoreDataClass.swift in Sources */ = {isa = PBXBuildFile; fileRef = A1DBE0C31E0671770053758F /* SCScene+CoreDataClass.swift */; };
		A1DBE0D71E0671770053758F /* SCSprite+CoreDataClass.swift in Sources */ = {isa = PBXBuildFile; fileRef = A1DBE0C71E0671770053758F /* SCSprite+CoreDataClass.swift */; };
		A1DBE0DB1E0671770053758F /* SCVariable+CoreDataClass.swift in Sources */ = {isa = PBXBuildFile; fileRef = A1DBE0CB1E0671770053758F /* SCVariable+CoreDataClass.swift */; };
		A1DBE0EF1E067CDF0053758F /* SCMethod+CoreDataProperties.swift in Sources */ = {isa = PBXBuildFile; fileRef = A1DBE0E31E067CDF0053758F /* SCMethod+CoreDataProperties.swift */; };
		A1DBE0F01E067CDF0053758F /* SCScene+CoreDataProperties.swift in Sources */ = {isa = PBXBuildFile; fileRef = A1DBE0E41E067CDF0053758F /* SCScene+CoreDataProperties.swift */; };
		A1DBE0F11E067CDF0053758F /* SCVariable+CoreDataProperties.swift in Sources */ = {isa = PBXBuildFile; fileRef = A1DBE0E51E067CDF0053758F /* SCVariable+CoreDataProperties.swift */; };
		A1DBE0F21E067CDF0053758F /* SCWorld+CoreDataProperties.swift in Sources */ = {isa = PBXBuildFile; fileRef = A1DBE0E61E067CDF0053758F /* SCWorld+CoreDataProperties.swift */; };
		A1DBE0F31E067CDF0053758F /* SCSprite+CoreDataProperties.swift in Sources */ = {isa = PBXBuildFile; fileRef = A1DBE0E71E067CDF0053758F /* SCSprite+CoreDataProperties.swift */; };
		A1DBE1121E0688270053758F /* SCStatement.swift in Sources */ = {isa = PBXBuildFile; fileRef = A1DBE1111E0688270053758F /* SCStatement.swift */; };
		A1DBE1141E0688D50053758F /* SCBlock.swift in Sources */ = {isa = PBXBuildFile; fileRef = A1DBE1131E0688D50053758F /* SCBlock.swift */; };
		A1F51FFE1E08EF0600443ABB /* GraphicsEditorViewController.swift in Sources */ = {isa = PBXBuildFile; fileRef = A1F51FFC1E08EF0600443ABB /* GraphicsEditorViewController.swift */; };
		A1F51FFF1E08EF0600443ABB /* GraphicsEditorViewController.xib in Resources */ = {isa = PBXBuildFile; fileRef = A1F51FFD1E08EF0600443ABB /* GraphicsEditorViewController.xib */; };
		A1F5200E1E09200300443ABB /* FrameworkExtensions.swift in Sources */ = {isa = PBXBuildFile; fileRef = A1F5200B1E09200300443ABB /* FrameworkExtensions.swift */; };
		A1F5200F1E09200300443ABB /* Weak.swift in Sources */ = {isa = PBXBuildFile; fileRef = A1F5200C1E09200300443ABB /* Weak.swift */; };
		A1F520101E09200300443ABB /* WeakSet.swift in Sources */ = {isa = PBXBuildFile; fileRef = A1F5200D1E09200300443ABB /* WeakSet.swift */; };
		A1F520161E09B9A200443ABB /* Observable.swift in Sources */ = {isa = PBXBuildFile; fileRef = A1F520151E09B9A200443ABB /* Observable.swift */; };
		A1F520181E09C2B000443ABB /* ObservableArray.swift in Sources */ = {isa = PBXBuildFile; fileRef = A1F520171E09C2B000443ABB /* ObservableArray.swift */; };
		A1F5202A1E09DFD900443ABB /* SCLayer+CoreDataClass.swift in Sources */ = {isa = PBXBuildFile; fileRef = A1F5201C1E09DFD900443ABB /* SCLayer+CoreDataClass.swift */; };
		A1F5202B1E09DFD900443ABB /* SCLayer+CoreDataProperties.swift in Sources */ = {isa = PBXBuildFile; fileRef = A1F5201D1E09DFD900443ABB /* SCLayer+CoreDataProperties.swift */; };
		A1F520331E09DFD900443ABB /* SCFrame+CoreDataClass.swift in Sources */ = {isa = PBXBuildFile; fileRef = A1F520251E09DFD900443ABB /* SCFrame+CoreDataClass.swift */; };
		A1F520341E09DFD900443ABB /* SCFrame+CoreDataProperties.swift in Sources */ = {isa = PBXBuildFile; fileRef = A1F520261E09DFD900443ABB /* SCFrame+CoreDataProperties.swift */; };
		A1F5203B1E09E08600443ABB /* SCGraphic+CoreDataClass.swift in Sources */ = {isa = PBXBuildFile; fileRef = A1F520391E09E08600443ABB /* SCGraphic+CoreDataClass.swift */; };
		A1F5203C1E09E08600443ABB /* SCGraphic+CoreDataProperties.swift in Sources */ = {isa = PBXBuildFile; fileRef = A1F5203A1E09E08600443ABB /* SCGraphic+CoreDataProperties.swift */; };
		A1F520551E0A4C5100443ABB /* CanvasController.swift in Sources */ = {isa = PBXBuildFile; fileRef = A1F520541E0A4C5100443ABB /* CanvasController.swift */; };
		A1F520571E0A528C00443ABB /* SCCoreDataStack.swift in Sources */ = {isa = PBXBuildFile; fileRef = A1F520561E0A528C00443ABB /* SCCoreDataStack.swift */; };
		A1F520591E0A72E800443ABB /* ObservableEntity.swift in Sources */ = {isa = PBXBuildFile; fileRef = A1F520581E0A72E800443ABB /* ObservableEntity.swift */; };
/* End PBXBuildFile section */

/* Begin PBXContainerItemProxy section */
		A143A7A61DEBF53A004DBC84 /* PBXContainerItemProxy */ = {
			isa = PBXContainerItemProxy;
			containerPortal = A143A7831DEBF539004DBC84 /* Project object */;
			proxyType = 1;
			remoteGlobalIDString = A143A78A1DEBF539004DBC84;
			remoteInfo = Make;
		};
		A143A7B11DEBF53A004DBC84 /* PBXContainerItemProxy */ = {
			isa = PBXContainerItemProxy;
			containerPortal = A143A7831DEBF539004DBC84 /* Project object */;
			proxyType = 1;
			remoteGlobalIDString = A143A78A1DEBF539004DBC84;
			remoteInfo = Make;
		};
/* End PBXContainerItemProxy section */

/* Begin PBXFileReference section */
		A11712751E2140CC00C7C791 /* AddFrameCollectionViewCell.swift */ = {isa = PBXFileReference; fileEncoding = 4; lastKnownFileType = sourcecode.swift; name = AddFrameCollectionViewCell.swift; path = Graphics/AddFrameCollectionViewCell.swift; sourceTree = "<group>"; };
		A11712761E2140CC00C7C791 /* AddFrameCollectionViewCell.xib */ = {isa = PBXFileReference; fileEncoding = 4; lastKnownFileType = file.xib; name = AddFrameCollectionViewCell.xib; path = Graphics/AddFrameCollectionViewCell.xib; sourceTree = "<group>"; };
		A12FE7D71E153B5D0015989D /* CoreDataTableViewController.swift */ = {isa = PBXFileReference; fileEncoding = 4; lastKnownFileType = sourcecode.swift; name = CoreDataTableViewController.swift; path = Utility/CoreDataTableViewController.swift; sourceTree = "<group>"; };
		A12FE7D91E15454A0015989D /* LayerTableViewCell.swift */ = {isa = PBXFileReference; fileEncoding = 4; lastKnownFileType = sourcecode.swift; name = LayerTableViewCell.swift; path = Graphics/LayerTableViewCell.swift; sourceTree = "<group>"; };
		A12FE7DA1E15454A0015989D /* LayerTableViewCell.xib */ = {isa = PBXFileReference; fileEncoding = 4; lastKnownFileType = file.xib; name = LayerTableViewCell.xib; path = Graphics/LayerTableViewCell.xib; sourceTree = "<group>"; };
		A12FE7DF1E1584280015989D /* CoreDataTableViewCell.swift */ = {isa = PBXFileReference; fileEncoding = 4; lastKnownFileType = sourcecode.swift; name = CoreDataTableViewCell.swift; path = Utility/CoreDataTableViewCell.swift; sourceTree = "<group>"; };
		A12FE7E21E1597F30015989D /* Brush.swift */ = {isa = PBXFileReference; fileEncoding = 4; lastKnownFileType = sourcecode.swift; name = Brush.swift; path = Graphics/Brush.swift; sourceTree = "<group>"; };
		A12FE7E41E1598FE0015989D /* BrushDelegate.swift */ = {isa = PBXFileReference; fileEncoding = 4; lastKnownFileType = sourcecode.swift; name = BrushDelegate.swift; path = Graphics/BrushDelegate.swift; sourceTree = "<group>"; };
		A12FE7E61E1599430015989D /* BrushController.swift */ = {isa = PBXFileReference; fileEncoding = 4; lastKnownFileType = sourcecode.swift; name = BrushController.swift; path = Graphics/BrushController.swift; sourceTree = "<group>"; };
		A12FE7E81E1599A70015989D /* BrushView.swift */ = {isa = PBXFileReference; fileEncoding = 4; lastKnownFileType = sourcecode.swift; name = BrushView.swift; path = Graphics/BrushView.swift; sourceTree = "<group>"; };
		A12FE7EA1E15A1AA0015989D /* BrushView.xib */ = {isa = PBXFileReference; fileEncoding = 4; lastKnownFileType = file.xib; name = BrushView.xib; path = Graphics/BrushView.xib; sourceTree = "<group>"; };
		A130A2001E26DBE10073CD51 /* MainNavigationController.swift */ = {isa = PBXFileReference; fileEncoding = 4; lastKnownFileType = sourcecode.swift; path = MainNavigationController.swift; sourceTree = "<group>"; };
		A13C8ED81E2AC0E200FA33AD /* OCGraphic.swift */ = {isa = PBXFileReference; fileEncoding = 4; lastKnownFileType = sourcecode.swift; name = OCGraphic.swift; path = ObjectCode/OCGraphic.swift; sourceTree = "<group>"; };
		A143A78B1DEBF53A004DBC84 /* Make.app */ = {isa = PBXFileReference; explicitFileType = wrapper.application; includeInIndex = 0; path = Make.app; sourceTree = BUILT_PRODUCTS_DIR; };
		A143A78E1DEBF53A004DBC84 /* AppDelegate.swift */ = {isa = PBXFileReference; lastKnownFileType = sourcecode.swift; path = AppDelegate.swift; sourceTree = "<group>"; };
		A143A7901DEBF53A004DBC84 /* GameScene.sks */ = {isa = PBXFileReference; lastKnownFileType = file.sks; path = GameScene.sks; sourceTree = "<group>"; };
		A143A7921DEBF53A004DBC84 /* Actions.sks */ = {isa = PBXFileReference; lastKnownFileType = file.sks; path = Actions.sks; sourceTree = "<group>"; };
		A143A7941DEBF53A004DBC84 /* GameScene.swift */ = {isa = PBXFileReference; lastKnownFileType = sourcecode.swift; path = GameScene.swift; sourceTree = "<group>"; };
		A143A7961DEBF53A004DBC84 /* GameViewController.swift */ = {isa = PBXFileReference; lastKnownFileType = sourcecode.swift; path = GameViewController.swift; sourceTree = "<group>"; };
		A143A7991DEBF53A004DBC84 /* Base */ = {isa = PBXFileReference; lastKnownFileType = file.storyboard; name = Base; path = Base.lproj/Main.storyboard; sourceTree = "<group>"; };
		A143A79B1DEBF53A004DBC84 /* Assets.xcassets */ = {isa = PBXFileReference; lastKnownFileType = folder.assetcatalog; path = Assets.xcassets; sourceTree = "<group>"; };
		A143A79E1DEBF53A004DBC84 /* Base */ = {isa = PBXFileReference; lastKnownFileType = file.storyboard; name = Base; path = Base.lproj/LaunchScreen.storyboard; sourceTree = "<group>"; };
		A143A7A01DEBF53A004DBC84 /* Info.plist */ = {isa = PBXFileReference; lastKnownFileType = text.plist.xml; path = Info.plist; sourceTree = "<group>"; };
		A143A7A51DEBF53A004DBC84 /* MakeTests.xctest */ = {isa = PBXFileReference; explicitFileType = wrapper.cfbundle; includeInIndex = 0; path = MakeTests.xctest; sourceTree = BUILT_PRODUCTS_DIR; };
		A143A7AB1DEBF53A004DBC84 /* Info.plist */ = {isa = PBXFileReference; lastKnownFileType = text.plist.xml; path = Info.plist; sourceTree = "<group>"; };
		A143A7B01DEBF53A004DBC84 /* MakeUITests.xctest */ = {isa = PBXFileReference; explicitFileType = wrapper.cfbundle; includeInIndex = 0; path = MakeUITests.xctest; sourceTree = BUILT_PRODUCTS_DIR; };
		A143A7B41DEBF53A004DBC84 /* MakeUITests.swift */ = {isa = PBXFileReference; lastKnownFileType = sourcecode.swift; path = MakeUITests.swift; sourceTree = "<group>"; };
		A143A7B61DEBF53A004DBC84 /* Info.plist */ = {isa = PBXFileReference; lastKnownFileType = text.plist.xml; path = Info.plist; sourceTree = "<group>"; };
		A18B0D111E182EA10079EBBE /* CoreDataCollectionViewController.swift */ = {isa = PBXFileReference; fileEncoding = 4; lastKnownFileType = sourcecode.swift; name = CoreDataCollectionViewController.swift; path = Utility/CoreDataCollectionViewController.swift; sourceTree = "<group>"; };
		A18B0D131E1830620079EBBE /* CoreDataCollectionViewCell.swift */ = {isa = PBXFileReference; fileEncoding = 4; lastKnownFileType = sourcecode.swift; name = CoreDataCollectionViewCell.swift; path = Utility/CoreDataCollectionViewCell.swift; sourceTree = "<group>"; };
		A18B0D161E1837FA0079EBBE /* FrameController.swift */ = {isa = PBXFileReference; fileEncoding = 4; lastKnownFileType = sourcecode.swift; name = FrameController.swift; path = Graphics/FrameController.swift; sourceTree = "<group>"; };
		A18B0D181E18385F0079EBBE /* FrameCollectionViewCell.swift */ = {isa = PBXFileReference; fileEncoding = 4; lastKnownFileType = sourcecode.swift; name = FrameCollectionViewCell.swift; path = Graphics/FrameCollectionViewCell.swift; sourceTree = "<group>"; };
		A18B0D191E18385F0079EBBE /* FrameCollectionViewCell.xib */ = {isa = PBXFileReference; fileEncoding = 4; lastKnownFileType = file.xib; name = FrameCollectionViewCell.xib; path = Graphics/FrameCollectionViewCell.xib; sourceTree = "<group>"; };
		A18F26C91E0D05FD0057FB74 /* CoreDataTestStack.swift */ = {isa = PBXFileReference; fileEncoding = 4; lastKnownFileType = sourcecode.swift; name = CoreDataTestStack.swift; path = Utility/CoreDataTestStack.swift; sourceTree = "<group>"; };
		A18F26CC1E0D0F900057FB74 /* CoreData.framework */ = {isa = PBXFileReference; lastKnownFileType = wrapper.framework; name = CoreData.framework; path = System/Library/Frameworks/CoreData.framework; sourceTree = SDKROOT; };
		A1C5CD0C1E0D332000102431 /* SCConnector.swift */ = {isa = PBXFileReference; fileEncoding = 4; lastKnownFileType = sourcecode.swift; name = SCConnector.swift; path = SourceCode/SCConnector.swift; sourceTree = "<group>"; };
		A1C5CD581E0DCF6A00102431 /* SCFrameTests.swift */ = {isa = PBXFileReference; fileEncoding = 4; lastKnownFileType = sourcecode.swift; name = SCFrameTests.swift; path = SourceCode/SCFrameTests.swift; sourceTree = "<group>"; };
		A1C5CD591E0DCF6A00102431 /* SCGraphicTests.swift */ = {isa = PBXFileReference; fileEncoding = 4; lastKnownFileType = sourcecode.swift; name = SCGraphicTests.swift; path = SourceCode/SCGraphicTests.swift; sourceTree = "<group>"; };
		A1C5CD5C1E0EA4D200102431 /* SCLayerTests.swift */ = {isa = PBXFileReference; fileEncoding = 4; lastKnownFileType = sourcecode.swift; name = SCLayerTests.swift; path = SourceCode/SCLayerTests.swift; sourceTree = "<group>"; };
		A1C5CD5E1E0EBF3F00102431 /* SCConstants.swift */ = {isa = PBXFileReference; fileEncoding = 4; lastKnownFileType = sourcecode.swift; name = SCConstants.swift; path = SourceCode/SCConstants.swift; sourceTree = "<group>"; };
		A1C5CD661E122F8000102431 /* CanvasView.swift */ = {isa = PBXFileReference; fileEncoding = 4; lastKnownFileType = sourcecode.swift; name = CanvasView.swift; path = Graphics/CanvasView.swift; sourceTree = "<group>"; };
		A1C5CD681E122F9B00102431 /* CanvasDelegate.swift */ = {isa = PBXFileReference; fileEncoding = 4; lastKnownFileType = sourcecode.swift; name = CanvasDelegate.swift; path = Graphics/CanvasDelegate.swift; sourceTree = "<group>"; };
		A1C5CD6D1E1374D500102431 /* LayerController.swift */ = {isa = PBXFileReference; fileEncoding = 4; lastKnownFileType = sourcecode.swift; name = LayerController.swift; path = Graphics/LayerController.swift; sourceTree = "<group>"; };
		A1CA78621E0B131E00B7B4FA /* CoreDataExtensions.swift */ = {isa = PBXFileReference; fileEncoding = 4; lastKnownFileType = sourcecode.swift; name = CoreDataExtensions.swift; path = Utility/CoreDataExtensions.swift; sourceTree = "<group>"; };
		A1DBE0791E0670590053758F /* SCModel.xcdatamodel */ = {isa = PBXFileReference; lastKnownFileType = wrapper.xcdatamodel; path = SCModel.xcdatamodel; sourceTree = "<group>"; };
		A1DBE0BF1E0671770053758F /* SCWorld+CoreDataClass.swift */ = {isa = PBXFileReference; fileEncoding = 4; lastKnownFileType = sourcecode.swift; name = "SCWorld+CoreDataClass.swift"; path = "SourceCode/SCWorld+CoreDataClass.swift"; sourceTree = "<group>"; };
		A1DBE0C11E0671770053758F /* SCMethod+CoreDataClass.swift */ = {isa = PBXFileReference; fileEncoding = 4; lastKnownFileType = sourcecode.swift; name = "SCMethod+CoreDataClass.swift"; path = "SourceCode/SCMethod+CoreDataClass.swift"; sourceTree = "<group>"; };
		A1DBE0C31E0671770053758F /* SCScene+CoreDataClass.swift */ = {isa = PBXFileReference; fileEncoding = 4; lastKnownFileType = sourcecode.swift; name = "SCScene+CoreDataClass.swift"; path = "SourceCode/SCScene+CoreDataClass.swift"; sourceTree = "<group>"; };
		A1DBE0C71E0671770053758F /* SCSprite+CoreDataClass.swift */ = {isa = PBXFileReference; fileEncoding = 4; lastKnownFileType = sourcecode.swift; name = "SCSprite+CoreDataClass.swift"; path = "SourceCode/SCSprite+CoreDataClass.swift"; sourceTree = "<group>"; };
		A1DBE0CB1E0671770053758F /* SCVariable+CoreDataClass.swift */ = {isa = PBXFileReference; fileEncoding = 4; lastKnownFileType = sourcecode.swift; name = "SCVariable+CoreDataClass.swift"; path = "SourceCode/SCVariable+CoreDataClass.swift"; sourceTree = "<group>"; };
		A1DBE0E31E067CDF0053758F /* SCMethod+CoreDataProperties.swift */ = {isa = PBXFileReference; fileEncoding = 4; lastKnownFileType = sourcecode.swift; name = "SCMethod+CoreDataProperties.swift"; path = "SourceCode/SCMethod+CoreDataProperties.swift"; sourceTree = "<group>"; };
		A1DBE0E41E067CDF0053758F /* SCScene+CoreDataProperties.swift */ = {isa = PBXFileReference; fileEncoding = 4; lastKnownFileType = sourcecode.swift; name = "SCScene+CoreDataProperties.swift"; path = "SourceCode/SCScene+CoreDataProperties.swift"; sourceTree = "<group>"; };
		A1DBE0E51E067CDF0053758F /* SCVariable+CoreDataProperties.swift */ = {isa = PBXFileReference; fileEncoding = 4; lastKnownFileType = sourcecode.swift; name = "SCVariable+CoreDataProperties.swift"; path = "SourceCode/SCVariable+CoreDataProperties.swift"; sourceTree = "<group>"; };
		A1DBE0E61E067CDF0053758F /* SCWorld+CoreDataProperties.swift */ = {isa = PBXFileReference; fileEncoding = 4; lastKnownFileType = sourcecode.swift; name = "SCWorld+CoreDataProperties.swift"; path = "SourceCode/SCWorld+CoreDataProperties.swift"; sourceTree = "<group>"; };
		A1DBE0E71E067CDF0053758F /* SCSprite+CoreDataProperties.swift */ = {isa = PBXFileReference; fileEncoding = 4; lastKnownFileType = sourcecode.swift; name = "SCSprite+CoreDataProperties.swift"; path = "SourceCode/SCSprite+CoreDataProperties.swift"; sourceTree = "<group>"; };
		A1DBE1111E0688270053758F /* SCStatement.swift */ = {isa = PBXFileReference; fileEncoding = 4; lastKnownFileType = sourcecode.swift; name = SCStatement.swift; path = SourceCode/SCStatement.swift; sourceTree = "<group>"; };
		A1DBE1131E0688D50053758F /* SCBlock.swift */ = {isa = PBXFileReference; fileEncoding = 4; lastKnownFileType = sourcecode.swift; name = SCBlock.swift; path = SourceCode/SCBlock.swift; sourceTree = "<group>"; };
		A1F51FFC1E08EF0600443ABB /* GraphicsEditorViewController.swift */ = {isa = PBXFileReference; fileEncoding = 4; lastKnownFileType = sourcecode.swift; name = GraphicsEditorViewController.swift; path = Graphics/GraphicsEditorViewController.swift; sourceTree = "<group>"; };
		A1F51FFD1E08EF0600443ABB /* GraphicsEditorViewController.xib */ = {isa = PBXFileReference; fileEncoding = 4; lastKnownFileType = file.xib; name = GraphicsEditorViewController.xib; path = Graphics/GraphicsEditorViewController.xib; sourceTree = "<group>"; };
		A1F5200B1E09200300443ABB /* FrameworkExtensions.swift */ = {isa = PBXFileReference; fileEncoding = 4; lastKnownFileType = sourcecode.swift; name = FrameworkExtensions.swift; path = Utility/FrameworkExtensions.swift; sourceTree = "<group>"; };
		A1F5200C1E09200300443ABB /* Weak.swift */ = {isa = PBXFileReference; fileEncoding = 4; lastKnownFileType = sourcecode.swift; name = Weak.swift; path = Utility/Weak.swift; sourceTree = "<group>"; };
		A1F5200D1E09200300443ABB /* WeakSet.swift */ = {isa = PBXFileReference; fileEncoding = 4; lastKnownFileType = sourcecode.swift; name = WeakSet.swift; path = Utility/WeakSet.swift; sourceTree = "<group>"; };
		A1F520151E09B9A200443ABB /* Observable.swift */ = {isa = PBXFileReference; fileEncoding = 4; lastKnownFileType = sourcecode.swift; name = Observable.swift; path = Utility/Observable.swift; sourceTree = "<group>"; };
		A1F520171E09C2B000443ABB /* ObservableArray.swift */ = {isa = PBXFileReference; fileEncoding = 4; lastKnownFileType = sourcecode.swift; name = ObservableArray.swift; path = Utility/ObservableArray.swift; sourceTree = "<group>"; };
		A1F5201C1E09DFD900443ABB /* SCLayer+CoreDataClass.swift */ = {isa = PBXFileReference; fileEncoding = 4; lastKnownFileType = sourcecode.swift; name = "SCLayer+CoreDataClass.swift"; path = "SourceCode/SCLayer+CoreDataClass.swift"; sourceTree = "<group>"; };
		A1F5201D1E09DFD900443ABB /* SCLayer+CoreDataProperties.swift */ = {isa = PBXFileReference; fileEncoding = 4; lastKnownFileType = sourcecode.swift; name = "SCLayer+CoreDataProperties.swift"; path = "SourceCode/SCLayer+CoreDataProperties.swift"; sourceTree = "<group>"; };
		A1F520251E09DFD900443ABB /* SCFrame+CoreDataClass.swift */ = {isa = PBXFileReference; fileEncoding = 4; lastKnownFileType = sourcecode.swift; name = "SCFrame+CoreDataClass.swift"; path = "SourceCode/SCFrame+CoreDataClass.swift"; sourceTree = "<group>"; };
		A1F520261E09DFD900443ABB /* SCFrame+CoreDataProperties.swift */ = {isa = PBXFileReference; fileEncoding = 4; lastKnownFileType = sourcecode.swift; name = "SCFrame+CoreDataProperties.swift"; path = "SourceCode/SCFrame+CoreDataProperties.swift"; sourceTree = "<group>"; };
		A1F520391E09E08600443ABB /* SCGraphic+CoreDataClass.swift */ = {isa = PBXFileReference; fileEncoding = 4; lastKnownFileType = sourcecode.swift; name = "SCGraphic+CoreDataClass.swift"; path = "SourceCode/SCGraphic+CoreDataClass.swift"; sourceTree = "<group>"; };
		A1F5203A1E09E08600443ABB /* SCGraphic+CoreDataProperties.swift */ = {isa = PBXFileReference; fileEncoding = 4; lastKnownFileType = sourcecode.swift; name = "SCGraphic+CoreDataProperties.swift"; path = "SourceCode/SCGraphic+CoreDataProperties.swift"; sourceTree = "<group>"; };
		A1F520541E0A4C5100443ABB /* CanvasController.swift */ = {isa = PBXFileReference; fileEncoding = 4; lastKnownFileType = sourcecode.swift; name = CanvasController.swift; path = Graphics/CanvasController.swift; sourceTree = "<group>"; };
		A1F520561E0A528C00443ABB /* SCCoreDataStack.swift */ = {isa = PBXFileReference; fileEncoding = 4; lastKnownFileType = sourcecode.swift; name = SCCoreDataStack.swift; path = SourceCode/SCCoreDataStack.swift; sourceTree = "<group>"; };
		A1F520581E0A72E800443ABB /* ObservableEntity.swift */ = {isa = PBXFileReference; fileEncoding = 4; lastKnownFileType = sourcecode.swift; name = ObservableEntity.swift; path = Utility/ObservableEntity.swift; sourceTree = "<group>"; };
/* End PBXFileReference section */

/* Begin PBXFrameworksBuildPhase section */
		A143A7881DEBF539004DBC84 /* Frameworks */ = {
			isa = PBXFrameworksBuildPhase;
			buildActionMask = 2147483647;
			files = (
				A18F26CD1E0D0F900057FB74 /* CoreData.framework in Frameworks */,
			);
			runOnlyForDeploymentPostprocessing = 0;
		};
		A143A7A21DEBF53A004DBC84 /* Frameworks */ = {
			isa = PBXFrameworksBuildPhase;
			buildActionMask = 2147483647;
			files = (
			);
			runOnlyForDeploymentPostprocessing = 0;
		};
		A143A7AD1DEBF53A004DBC84 /* Frameworks */ = {
			isa = PBXFrameworksBuildPhase;
			buildActionMask = 2147483647;
			files = (
			);
			runOnlyForDeploymentPostprocessing = 0;
		};
/* End PBXFrameworksBuildPhase section */

/* Begin PBXGroup section */
		A12FE7E11E1597E00015989D /* Brush */ = {
			isa = PBXGroup;
			children = (
				A12FE7E41E1598FE0015989D /* BrushDelegate.swift */,
				A12FE7E61E1599430015989D /* BrushController.swift */,
				A12FE7E81E1599A70015989D /* BrushView.swift */,
				A12FE7EA1E15A1AA0015989D /* BrushView.xib */,
				A12FE7E21E1597F30015989D /* Brush.swift */,
			);
			name = Brush;
			sourceTree = "<group>";
		};
		A143A7821DEBF539004DBC84 = {
			isa = PBXGroup;
			children = (
				A143A78D1DEBF53A004DBC84 /* Make */,
				A143A7A81DEBF53A004DBC84 /* MakeTests */,
				A143A7B31DEBF53A004DBC84 /* MakeUITests */,
				A143A78C1DEBF53A004DBC84 /* Products */,
				A18F26CB1E0D0F900057FB74 /* Frameworks */,
			);
			sourceTree = "<group>";
		};
		A143A78C1DEBF53A004DBC84 /* Products */ = {
			isa = PBXGroup;
			children = (
				A143A78B1DEBF53A004DBC84 /* Make.app */,
				A143A7A51DEBF53A004DBC84 /* MakeTests.xctest */,
				A143A7B01DEBF53A004DBC84 /* MakeUITests.xctest */,
			);
			name = Products;
			sourceTree = "<group>";
		};
		A143A78D1DEBF53A004DBC84 /* Make */ = {
			isa = PBXGroup;
			children = (
				A1F520091E091FE400443ABB /* Utility */,
				A16376CC1DF1656500231007 /* Source Code */,
				A1564B131E066F8100632031 /* Object Code */,
				A1F51FF71E08E90600443ABB /* Graphics */,
				A143A78E1DEBF53A004DBC84 /* AppDelegate.swift */,
				A143A7901DEBF53A004DBC84 /* GameScene.sks */,
				A143A7921DEBF53A004DBC84 /* Actions.sks */,
				A143A7941DEBF53A004DBC84 /* GameScene.swift */,
				A143A7961DEBF53A004DBC84 /* GameViewController.swift */,
				A143A7981DEBF53A004DBC84 /* Main.storyboard */,
				A130A2001E26DBE10073CD51 /* MainNavigationController.swift */,
				A143A79B1DEBF53A004DBC84 /* Assets.xcassets */,
				A143A79D1DEBF53A004DBC84 /* LaunchScreen.storyboard */,
				A143A7A01DEBF53A004DBC84 /* Info.plist */,
			);
			path = Make;
			sourceTree = "<group>";
		};
		A143A7A81DEBF53A004DBC84 /* MakeTests */ = {
			isa = PBXGroup;
			children = (
				A1C5CD571E0DCF0300102431 /* Source Code Tests */,
				A143A7AB1DEBF53A004DBC84 /* Info.plist */,
			);
			path = MakeTests;
			sourceTree = "<group>";
		};
		A143A7B31DEBF53A004DBC84 /* MakeUITests */ = {
			isa = PBXGroup;
			children = (
				A143A7B41DEBF53A004DBC84 /* MakeUITests.swift */,
				A143A7B61DEBF53A004DBC84 /* Info.plist */,
			);
			path = MakeUITests;
			sourceTree = "<group>";
		};
		A1564ABD1E05A5A500632031 /* Core Data Properties */ = {
			isa = PBXGroup;
			children = (
				A1DBE0E31E067CDF0053758F /* SCMethod+CoreDataProperties.swift */,
				A1DBE0E41E067CDF0053758F /* SCScene+CoreDataProperties.swift */,
				A1DBE0E51E067CDF0053758F /* SCVariable+CoreDataProperties.swift */,
				A1DBE0E61E067CDF0053758F /* SCWorld+CoreDataProperties.swift */,
				A1DBE0E71E067CDF0053758F /* SCSprite+CoreDataProperties.swift */,
				A1F5203A1E09E08600443ABB /* SCGraphic+CoreDataProperties.swift */,
				A1F520261E09DFD900443ABB /* SCFrame+CoreDataProperties.swift */,
				A1F5201D1E09DFD900443ABB /* SCLayer+CoreDataProperties.swift */,
			);
			name = "Core Data Properties";
			sourceTree = "<group>";
		};
		A1564B0F1E066E5E00632031 /* Method */ = {
			isa = PBXGroup;
			children = (
				A1DBE0C11E0671770053758F /* SCMethod+CoreDataClass.swift */,
				A1DBE1111E0688270053758F /* SCStatement.swift */,
				A1DBE1131E0688D50053758F /* SCBlock.swift */,
			);
			name = Method;
			sourceTree = "<group>";
		};
		A1564B131E066F8100632031 /* Object Code */ = {
			isa = PBXGroup;
			children = (
				A13C8ED81E2AC0E200FA33AD /* OCGraphic.swift */,
			);
			name = "Object Code";
			sourceTree = "<group>";
		};
		A16376CC1DF1656500231007 /* Source Code */ = {
			isa = PBXGroup;
			children = (
				A1DBE0781E0670590053758F /* SCModel.xcdatamodeld */,
				A1F520561E0A528C00443ABB /* SCCoreDataStack.swift */,
				A1C5CD0C1E0D332000102431 /* SCConnector.swift */,
				A1C5CD5E1E0EBF3F00102431 /* SCConstants.swift */,
				A1564ABD1E05A5A500632031 /* Core Data Properties */,
				A1564B0F1E066E5E00632031 /* Method */,
				A1F5203D1E09E0A500443ABB /* Graphic */,
				A1DBE0CB1E0671770053758F /* SCVariable+CoreDataClass.swift */,
				A1DBE0BF1E0671770053758F /* SCWorld+CoreDataClass.swift */,
				A1DBE0C31E0671770053758F /* SCScene+CoreDataClass.swift */,
				A1DBE0C71E0671770053758F /* SCSprite+CoreDataClass.swift */,
			);
			name = "Source Code";
			sourceTree = "<group>";
		};
		A18B0D151E1837C70079EBBE /* Frame */ = {
			isa = PBXGroup;
			children = (
				A18B0D161E1837FA0079EBBE /* FrameController.swift */,
				A18B0D181E18385F0079EBBE /* FrameCollectionViewCell.swift */,
				A18B0D191E18385F0079EBBE /* FrameCollectionViewCell.xib */,
				A11712751E2140CC00C7C791 /* AddFrameCollectionViewCell.swift */,
				A11712761E2140CC00C7C791 /* AddFrameCollectionViewCell.xib */,
			);
			name = Frame;
			sourceTree = "<group>";
		};
		A18F26CB1E0D0F900057FB74 /* Frameworks */ = {
			isa = PBXGroup;
			children = (
				A18F26CC1E0D0F900057FB74 /* CoreData.framework */,
			);
			name = Frameworks;
			sourceTree = "<group>";
		};
		A1C5CD571E0DCF0300102431 /* Source Code Tests */ = {
			isa = PBXGroup;
			children = (
				A1C5CD591E0DCF6A00102431 /* SCGraphicTests.swift */,
				A1C5CD581E0DCF6A00102431 /* SCFrameTests.swift */,
				A1C5CD5C1E0EA4D200102431 /* SCLayerTests.swift */,
			);
			name = "Source Code Tests";
			sourceTree = "<group>";
		};
		A1C5CD6A1E1372E400102431 /* Layer */ = {
			isa = PBXGroup;
			children = (
				A1C5CD6D1E1374D500102431 /* LayerController.swift */,
				A12FE7D91E15454A0015989D /* LayerTableViewCell.swift */,
				A12FE7DA1E15454A0015989D /* LayerTableViewCell.xib */,
			);
			name = Layer;
			sourceTree = "<group>";
		};
		A1F51FF71E08E90600443ABB /* Graphics */ = {
			isa = PBXGroup;
			children = (
				A1F51FFC1E08EF0600443ABB /* GraphicsEditorViewController.swift */,
				A1F51FFD1E08EF0600443ABB /* GraphicsEditorViewController.xib */,
				A12FE7E11E1597E00015989D /* Brush */,
				A18B0D151E1837C70079EBBE /* Frame */,
				A1C5CD6A1E1372E400102431 /* Layer */,
				A1F520021E08FD2400443ABB /* Canvas */,
			);
			name = Graphics;
			sourceTree = "<group>";
		};
		A1F520021E08FD2400443ABB /* Canvas */ = {
			isa = PBXGroup;
			children = (
				A1C5CD681E122F9B00102431 /* CanvasDelegate.swift */,
				A1F520541E0A4C5100443ABB /* CanvasController.swift */,
				A1C5CD661E122F8000102431 /* CanvasView.swift */,
			);
			name = Canvas;
			sourceTree = "<group>";
		};
		A1F520091E091FE400443ABB /* Utility */ = {
			isa = PBXGroup;
			children = (
				A1F5200B1E09200300443ABB /* FrameworkExtensions.swift */,
				A1CA78621E0B131E00B7B4FA /* CoreDataExtensions.swift */,
				A18F26C91E0D05FD0057FB74 /* CoreDataTestStack.swift */,
				A1F5200C1E09200300443ABB /* Weak.swift */,
				A1F5200D1E09200300443ABB /* WeakSet.swift */,
				A1F520151E09B9A200443ABB /* Observable.swift */,
				A1F520171E09C2B000443ABB /* ObservableArray.swift */,
				A1F520581E0A72E800443ABB /* ObservableEntity.swift */,
				A12FE7D71E153B5D0015989D /* CoreDataTableViewController.swift */,
				A12FE7DF1E1584280015989D /* CoreDataTableViewCell.swift */,
				A18B0D111E182EA10079EBBE /* CoreDataCollectionViewController.swift */,
				A18B0D131E1830620079EBBE /* CoreDataCollectionViewCell.swift */,
			);
			name = Utility;
			sourceTree = "<group>";
		};
		A1F5203D1E09E0A500443ABB /* Graphic */ = {
			isa = PBXGroup;
			children = (
				A1F520391E09E08600443ABB /* SCGraphic+CoreDataClass.swift */,
				A1F520251E09DFD900443ABB /* SCFrame+CoreDataClass.swift */,
				A1F5201C1E09DFD900443ABB /* SCLayer+CoreDataClass.swift */,
			);
			name = Graphic;
			sourceTree = "<group>";
		};
/* End PBXGroup section */

/* Begin PBXNativeTarget section */
		A143A78A1DEBF539004DBC84 /* Make */ = {
			isa = PBXNativeTarget;
			buildConfigurationList = A143A7B91DEBF53A004DBC84 /* Build configuration list for PBXNativeTarget "Make" */;
			buildPhases = (
				A143A7871DEBF539004DBC84 /* Sources */,
				A143A7881DEBF539004DBC84 /* Frameworks */,
				A143A7891DEBF539004DBC84 /* Resources */,
			);
			buildRules = (
			);
			dependencies = (
			);
			name = Make;
			productName = Make;
			productReference = A143A78B1DEBF53A004DBC84 /* Make.app */;
			productType = "com.apple.product-type.application";
		};
		A143A7A41DEBF53A004DBC84 /* MakeTests */ = {
			isa = PBXNativeTarget;
			buildConfigurationList = A143A7BC1DEBF53A004DBC84 /* Build configuration list for PBXNativeTarget "MakeTests" */;
			buildPhases = (
				A143A7A11DEBF53A004DBC84 /* Sources */,
				A143A7A21DEBF53A004DBC84 /* Frameworks */,
				A143A7A31DEBF53A004DBC84 /* Resources */,
			);
			buildRules = (
			);
			dependencies = (
				A143A7A71DEBF53A004DBC84 /* PBXTargetDependency */,
			);
			name = MakeTests;
			productName = MakeTests;
			productReference = A143A7A51DEBF53A004DBC84 /* MakeTests.xctest */;
			productType = "com.apple.product-type.bundle.unit-test";
		};
		A143A7AF1DEBF53A004DBC84 /* MakeUITests */ = {
			isa = PBXNativeTarget;
			buildConfigurationList = A143A7BF1DEBF53A004DBC84 /* Build configuration list for PBXNativeTarget "MakeUITests" */;
			buildPhases = (
				A143A7AC1DEBF53A004DBC84 /* Sources */,
				A143A7AD1DEBF53A004DBC84 /* Frameworks */,
				A143A7AE1DEBF53A004DBC84 /* Resources */,
			);
			buildRules = (
			);
			dependencies = (
				A143A7B21DEBF53A004DBC84 /* PBXTargetDependency */,
			);
			name = MakeUITests;
			productName = MakeUITests;
			productReference = A143A7B01DEBF53A004DBC84 /* MakeUITests.xctest */;
			productType = "com.apple.product-type.bundle.ui-testing";
		};
/* End PBXNativeTarget section */

/* Begin PBXProject section */
		A143A7831DEBF539004DBC84 /* Project object */ = {
			isa = PBXProject;
			attributes = {
				LastSwiftUpdateCheck = 0810;
				LastUpgradeCheck = 0810;
				TargetAttributes = {
					A143A78A1DEBF539004DBC84 = {
						CreatedOnToolsVersion = 8.1;
						DevelopmentTeam = L9BCMT7FCU;
						ProvisioningStyle = Automatic;
					};
					A143A7A41DEBF53A004DBC84 = {
						CreatedOnToolsVersion = 8.1;
						DevelopmentTeam = L9BCMT7FCU;
						LastSwiftMigration = 0810;
						ProvisioningStyle = Automatic;
						TestTargetID = A143A78A1DEBF539004DBC84;
					};
					A143A7AF1DEBF53A004DBC84 = {
						CreatedOnToolsVersion = 8.1;
						DevelopmentTeam = L9BCMT7FCU;
						ProvisioningStyle = Automatic;
						TestTargetID = A143A78A1DEBF539004DBC84;
					};
				};
			};
			buildConfigurationList = A143A7861DEBF539004DBC84 /* Build configuration list for PBXProject "Make" */;
			compatibilityVersion = "Xcode 3.2";
			developmentRegion = English;
			hasScannedForEncodings = 0;
			knownRegions = (
				en,
				Base,
			);
			mainGroup = A143A7821DEBF539004DBC84;
			productRefGroup = A143A78C1DEBF53A004DBC84 /* Products */;
			projectDirPath = "";
			projectRoot = "";
			targets = (
				A143A78A1DEBF539004DBC84 /* Make */,
				A143A7A41DEBF53A004DBC84 /* MakeTests */,
				A143A7AF1DEBF53A004DBC84 /* MakeUITests */,
			);
		};
/* End PBXProject section */

/* Begin PBXResourcesBuildPhase section */
		A143A7891DEBF539004DBC84 /* Resources */ = {
			isa = PBXResourcesBuildPhase;
			buildActionMask = 2147483647;
			files = (
				A1F51FFF1E08EF0600443ABB /* GraphicsEditorViewController.xib in Resources */,
				A143A79A1DEBF53A004DBC84 /* Main.storyboard in Resources */,
				A143A7911DEBF53A004DBC84 /* GameScene.sks in Resources */,
				A143A79C1DEBF53A004DBC84 /* Assets.xcassets in Resources */,
				A143A79F1DEBF53A004DBC84 /* LaunchScreen.storyboard in Resources */,
				A12FE7EB1E15A1AA0015989D /* BrushView.xib in Resources */,
				A11712781E2140CC00C7C791 /* AddFrameCollectionViewCell.xib in Resources */,
				A143A7931DEBF53A004DBC84 /* Actions.sks in Resources */,
				A12FE7DC1E15454A0015989D /* LayerTableViewCell.xib in Resources */,
				A18B0D1B1E18385F0079EBBE /* FrameCollectionViewCell.xib in Resources */,
			);
			runOnlyForDeploymentPostprocessing = 0;
		};
		A143A7A31DEBF53A004DBC84 /* Resources */ = {
			isa = PBXResourcesBuildPhase;
			buildActionMask = 2147483647;
			files = (
			);
			runOnlyForDeploymentPostprocessing = 0;
		};
		A143A7AE1DEBF53A004DBC84 /* Resources */ = {
			isa = PBXResourcesBuildPhase;
			buildActionMask = 2147483647;
			files = (
			);
			runOnlyForDeploymentPostprocessing = 0;
		};
/* End PBXResourcesBuildPhase section */

/* Begin PBXSourcesBuildPhase section */
		A143A7871DEBF539004DBC84 /* Sources */ = {
			isa = PBXSourcesBuildPhase;
			buildActionMask = 2147483647;
			files = (
				A1DBE1141E0688D50053758F /* SCBlock.swift in Sources */,
				A1CA78631E0B131E00B7B4FA /* CoreDataExtensions.swift in Sources */,
				A13C8ED91E2AC0E200FA33AD /* OCGraphic.swift in Sources */,
				A1DBE0CF1E0671770053758F /* SCWorld+CoreDataClass.swift in Sources */,
				A12FE7E71E1599430015989D /* BrushController.swift in Sources */,
				A1F520341E09DFD900443ABB /* SCFrame+CoreDataProperties.swift in Sources */,
				A1C5CD5F1E0EBF3F00102431 /* SCConstants.swift in Sources */,
				A18B0D171E1837FA0079EBBE /* FrameController.swift in Sources */,
				A1C5CD691E122F9B00102431 /* CanvasDelegate.swift in Sources */,
				A18B0D121E182EA10079EBBE /* CoreDataCollectionViewController.swift in Sources */,
				A1F520331E09DFD900443ABB /* SCFrame+CoreDataClass.swift in Sources */,
				A18B0D141E1830620079EBBE /* CoreDataCollectionViewCell.swift in Sources */,
				A1DBE1121E0688270053758F /* SCStatement.swift in Sources */,
				A12FE7E51E1598FE0015989D /* BrushDelegate.swift in Sources */,
				A1C5CD6E1E1374D500102431 /* LayerController.swift in Sources */,
				A1DBE0F21E067CDF0053758F /* SCWorld+CoreDataProperties.swift in Sources */,
				A1F51FFE1E08EF0600443ABB /* GraphicsEditorViewController.swift in Sources */,
				A1F520571E0A528C00443ABB /* SCCoreDataStack.swift in Sources */,
				A18B0D1A1E18385F0079EBBE /* FrameCollectionViewCell.swift in Sources */,
				A1C5CD0D1E0D332000102431 /* SCConnector.swift in Sources */,
				A1DBE0DB1E0671770053758F /* SCVariable+CoreDataClass.swift in Sources */,
				A1DBE0F11E067CDF0053758F /* SCVariable+CoreDataProperties.swift in Sources */,
				A1F5203C1E09E08600443ABB /* SCGraphic+CoreDataProperties.swift in Sources */,
				A12FE7D81E153B5D0015989D /* CoreDataTableViewController.swift in Sources */,
				A1F5202A1E09DFD900443ABB /* SCLayer+CoreDataClass.swift in Sources */,
				A1F520181E09C2B000443ABB /* ObservableArray.swift in Sources */,
				A1F520101E09200300443ABB /* WeakSet.swift in Sources */,
				A1DBE0F01E067CDF0053758F /* SCScene+CoreDataProperties.swift in Sources */,
				A1F5200F1E09200300443ABB /* Weak.swift in Sources */,
				A143A7951DEBF53A004DBC84 /* GameScene.swift in Sources */,
				A11712771E2140CC00C7C791 /* AddFrameCollectionViewCell.swift in Sources */,
				A1F5200E1E09200300443ABB /* FrameworkExtensions.swift in Sources */,
				A1DBE0F31E067CDF0053758F /* SCSprite+CoreDataProperties.swift in Sources */,
				A12FE7DB1E15454A0015989D /* LayerTableViewCell.swift in Sources */,
				A1DBE0EF1E067CDF0053758F /* SCMethod+CoreDataProperties.swift in Sources */,
				A1F520551E0A4C5100443ABB /* CanvasController.swift in Sources */,
				A1DBE0D71E0671770053758F /* SCSprite+CoreDataClass.swift in Sources */,
				A1DBE0D31E0671770053758F /* SCScene+CoreDataClass.swift in Sources */,
				A1DBE0D11E0671770053758F /* SCMethod+CoreDataClass.swift in Sources */,
				A1C5CD671E122F8000102431 /* CanvasView.swift in Sources */,
				A143A7971DEBF53A004DBC84 /* GameViewController.swift in Sources */,
				A143A78F1DEBF53A004DBC84 /* AppDelegate.swift in Sources */,
				A1F520161E09B9A200443ABB /* Observable.swift in Sources */,
				A1F5203B1E09E08600443ABB /* SCGraphic+CoreDataClass.swift in Sources */,
				A12FE7E91E1599A70015989D /* BrushView.swift in Sources */,
				A18F26CA1E0D05FD0057FB74 /* CoreDataTestStack.swift in Sources */,
				A12FE7E31E1597F30015989D /* Brush.swift in Sources */,
				A1F520591E0A72E800443ABB /* ObservableEntity.swift in Sources */,
				A1F5202B1E09DFD900443ABB /* SCLayer+CoreDataProperties.swift in Sources */,
				A12FE7E01E1584280015989D /* CoreDataTableViewCell.swift in Sources */,
				A130A2011E26DBE10073CD51 /* MainNavigationController.swift in Sources */,
				A1DBE07B1E0670590053758F /* SCModel.xcdatamodeld in Sources */,
			);
			runOnlyForDeploymentPostprocessing = 0;
		};
		A143A7A11DEBF53A004DBC84 /* Sources */ = {
			isa = PBXSourcesBuildPhase;
			buildActionMask = 2147483647;
			files = (
				A1C5CD5B1E0DCF6A00102431 /* SCGraphicTests.swift in Sources */,
				A1C5CD5A1E0DCF6A00102431 /* SCFrameTests.swift in Sources */,
				A1C5CD5D1E0EA4D200102431 /* SCLayerTests.swift in Sources */,
			);
			runOnlyForDeploymentPostprocessing = 0;
		};
		A143A7AC1DEBF53A004DBC84 /* Sources */ = {
			isa = PBXSourcesBuildPhase;
			buildActionMask = 2147483647;
			files = (
				A143A7B51DEBF53A004DBC84 /* MakeUITests.swift in Sources */,
			);
			runOnlyForDeploymentPostprocessing = 0;
		};
/* End PBXSourcesBuildPhase section */

/* Begin PBXTargetDependency section */
		A143A7A71DEBF53A004DBC84 /* PBXTargetDependency */ = {
			isa = PBXTargetDependency;
			target = A143A78A1DEBF539004DBC84 /* Make */;
			targetProxy = A143A7A61DEBF53A004DBC84 /* PBXContainerItemProxy */;
		};
		A143A7B21DEBF53A004DBC84 /* PBXTargetDependency */ = {
			isa = PBXTargetDependency;
			target = A143A78A1DEBF539004DBC84 /* Make */;
			targetProxy = A143A7B11DEBF53A004DBC84 /* PBXContainerItemProxy */;
		};
/* End PBXTargetDependency section */

/* Begin PBXVariantGroup section */
		A143A7981DEBF53A004DBC84 /* Main.storyboard */ = {
			isa = PBXVariantGroup;
			children = (
				A143A7991DEBF53A004DBC84 /* Base */,
			);
			name = Main.storyboard;
			sourceTree = "<group>";
		};
		A143A79D1DEBF53A004DBC84 /* LaunchScreen.storyboard */ = {
			isa = PBXVariantGroup;
			children = (
				A143A79E1DEBF53A004DBC84 /* Base */,
			);
			name = LaunchScreen.storyboard;
			sourceTree = "<group>";
		};
/* End PBXVariantGroup section */

/* Begin XCBuildConfiguration section */
		A143A7B71DEBF53A004DBC84 /* Debug */ = {
			isa = XCBuildConfiguration;
			buildSettings = {
				ALWAYS_SEARCH_USER_PATHS = NO;
				CLANG_ANALYZER_NONNULL = YES;
				CLANG_CXX_LANGUAGE_STANDARD = "gnu++0x";
				CLANG_CXX_LIBRARY = "libc++";
				CLANG_ENABLE_MODULES = YES;
				CLANG_ENABLE_OBJC_ARC = YES;
				CLANG_WARN_BOOL_CONVERSION = YES;
				CLANG_WARN_CONSTANT_CONVERSION = YES;
				CLANG_WARN_DIRECT_OBJC_ISA_USAGE = YES_ERROR;
				CLANG_WARN_DOCUMENTATION_COMMENTS = YES;
				CLANG_WARN_EMPTY_BODY = YES;
				CLANG_WARN_ENUM_CONVERSION = YES;
				CLANG_WARN_INFINITE_RECURSION = YES;
				CLANG_WARN_INT_CONVERSION = YES;
				CLANG_WARN_OBJC_ROOT_CLASS = YES_ERROR;
				CLANG_WARN_SUSPICIOUS_MOVES = YES;
				CLANG_WARN_UNREACHABLE_CODE = YES;
				CLANG_WARN__DUPLICATE_METHOD_MATCH = YES;
				"CODE_SIGN_IDENTITY[sdk=iphoneos*]" = "iPhone Developer";
				COPY_PHASE_STRIP = NO;
				DEBUG_INFORMATION_FORMAT = dwarf;
				ENABLE_STRICT_OBJC_MSGSEND = YES;
				ENABLE_TESTABILITY = YES;
				GCC_C_LANGUAGE_STANDARD = gnu99;
				GCC_DYNAMIC_NO_PIC = NO;
				GCC_NO_COMMON_BLOCKS = YES;
				GCC_OPTIMIZATION_LEVEL = 0;
				GCC_PREPROCESSOR_DEFINITIONS = (
					"DEBUG=1",
					"$(inherited)",
				);
				GCC_WARN_64_TO_32_BIT_CONVERSION = YES;
				GCC_WARN_ABOUT_RETURN_TYPE = YES_ERROR;
				GCC_WARN_UNDECLARED_SELECTOR = YES;
				GCC_WARN_UNINITIALIZED_AUTOS = YES_AGGRESSIVE;
				GCC_WARN_UNUSED_FUNCTION = YES;
				GCC_WARN_UNUSED_VARIABLE = YES;
				IPHONEOS_DEPLOYMENT_TARGET = 10.1;
				MTL_ENABLE_DEBUG_INFO = YES;
				ONLY_ACTIVE_ARCH = YES;
				SDKROOT = iphoneos;
				SWIFT_ACTIVE_COMPILATION_CONDITIONS = DEBUG;
				SWIFT_OPTIMIZATION_LEVEL = "-Onone";
				TARGETED_DEVICE_FAMILY = 2;
			};
			name = Debug;
		};
		A143A7B81DEBF53A004DBC84 /* Release */ = {
			isa = XCBuildConfiguration;
			buildSettings = {
				ALWAYS_SEARCH_USER_PATHS = NO;
				CLANG_ANALYZER_NONNULL = YES;
				CLANG_CXX_LANGUAGE_STANDARD = "gnu++0x";
				CLANG_CXX_LIBRARY = "libc++";
				CLANG_ENABLE_MODULES = YES;
				CLANG_ENABLE_OBJC_ARC = YES;
				CLANG_WARN_BOOL_CONVERSION = YES;
				CLANG_WARN_CONSTANT_CONVERSION = YES;
				CLANG_WARN_DIRECT_OBJC_ISA_USAGE = YES_ERROR;
				CLANG_WARN_DOCUMENTATION_COMMENTS = YES;
				CLANG_WARN_EMPTY_BODY = YES;
				CLANG_WARN_ENUM_CONVERSION = YES;
				CLANG_WARN_INFINITE_RECURSION = YES;
				CLANG_WARN_INT_CONVERSION = YES;
				CLANG_WARN_OBJC_ROOT_CLASS = YES_ERROR;
				CLANG_WARN_SUSPICIOUS_MOVES = YES;
				CLANG_WARN_UNREACHABLE_CODE = YES;
				CLANG_WARN__DUPLICATE_METHOD_MATCH = YES;
				"CODE_SIGN_IDENTITY[sdk=iphoneos*]" = "iPhone Developer";
				COPY_PHASE_STRIP = NO;
				DEBUG_INFORMATION_FORMAT = "dwarf-with-dsym";
				ENABLE_NS_ASSERTIONS = NO;
				ENABLE_STRICT_OBJC_MSGSEND = YES;
				GCC_C_LANGUAGE_STANDARD = gnu99;
				GCC_NO_COMMON_BLOCKS = YES;
				GCC_WARN_64_TO_32_BIT_CONVERSION = YES;
				GCC_WARN_ABOUT_RETURN_TYPE = YES_ERROR;
				GCC_WARN_UNDECLARED_SELECTOR = YES;
				GCC_WARN_UNINITIALIZED_AUTOS = YES_AGGRESSIVE;
				GCC_WARN_UNUSED_FUNCTION = YES;
				GCC_WARN_UNUSED_VARIABLE = YES;
				IPHONEOS_DEPLOYMENT_TARGET = 10.1;
				MTL_ENABLE_DEBUG_INFO = NO;
				SDKROOT = iphoneos;
				SWIFT_OPTIMIZATION_LEVEL = "-Owholemodule";
				TARGETED_DEVICE_FAMILY = 2;
				VALIDATE_PRODUCT = YES;
			};
			name = Release;
		};
		A143A7BA1DEBF53A004DBC84 /* Debug */ = {
			isa = XCBuildConfiguration;
			buildSettings = {
				ASSETCATALOG_COMPILER_APPICON_NAME = AppIcon;
				DEVELOPMENT_TEAM = L9BCMT7FCU;
				INFOPLIST_FILE = Make/Info.plist;
				LD_RUNPATH_SEARCH_PATHS = "$(inherited) @executable_path/Frameworks";
				PRODUCT_BUNDLE_IDENTIFIER = com.richstarbuck.Make;
				PRODUCT_NAME = "$(TARGET_NAME)";
				SWIFT_VERSION = 3.0;
			};
			name = Debug;
		};
		A143A7BB1DEBF53A004DBC84 /* Release */ = {
			isa = XCBuildConfiguration;
			buildSettings = {
				ASSETCATALOG_COMPILER_APPICON_NAME = AppIcon;
				DEVELOPMENT_TEAM = L9BCMT7FCU;
				INFOPLIST_FILE = Make/Info.plist;
				LD_RUNPATH_SEARCH_PATHS = "$(inherited) @executable_path/Frameworks";
				PRODUCT_BUNDLE_IDENTIFIER = com.richstarbuck.Make;
				PRODUCT_NAME = "$(TARGET_NAME)";
				SWIFT_VERSION = 3.0;
			};
			name = Release;
		};
		A143A7BD1DEBF53A004DBC84 /* Debug */ = {
			isa = XCBuildConfiguration;
			buildSettings = {
				ALWAYS_EMBED_SWIFT_STANDARD_LIBRARIES = YES;
				BUNDLE_LOADER = "$(TEST_HOST)";
				CLANG_ENABLE_MODULES = YES;
				DEVELOPMENT_TEAM = L9BCMT7FCU;
				INFOPLIST_FILE = MakeTests/Info.plist;
				LD_RUNPATH_SEARCH_PATHS = "$(inherited) @executable_path/Frameworks @loader_path/Frameworks";
				PRODUCT_BUNDLE_IDENTIFIER = com.richstarbuck.MakeTests;
				PRODUCT_NAME = "$(TARGET_NAME)";
				SWIFT_OPTIMIZATION_LEVEL = "-Onone";
				SWIFT_VERSION = 3.0;
				TEST_HOST = "$(BUILT_PRODUCTS_DIR)/Make.app/Make";
			};
			name = Debug;
		};
		A143A7BE1DEBF53A004DBC84 /* Release */ = {
			isa = XCBuildConfiguration;
			buildSettings = {
				ALWAYS_EMBED_SWIFT_STANDARD_LIBRARIES = YES;
				BUNDLE_LOADER = "$(TEST_HOST)";
				CLANG_ENABLE_MODULES = YES;
				DEVELOPMENT_TEAM = L9BCMT7FCU;
				INFOPLIST_FILE = MakeTests/Info.plist;
				LD_RUNPATH_SEARCH_PATHS = "$(inherited) @executable_path/Frameworks @loader_path/Frameworks";
				PRODUCT_BUNDLE_IDENTIFIER = com.richstarbuck.MakeTests;
				PRODUCT_NAME = "$(TARGET_NAME)";
				SWIFT_VERSION = 3.0;
				TEST_HOST = "$(BUILT_PRODUCTS_DIR)/Make.app/Make";
			};
			name = Release;
		};
		A143A7C01DEBF53A004DBC84 /* Debug */ = {
			isa = XCBuildConfiguration;
			buildSettings = {
				ALWAYS_EMBED_SWIFT_STANDARD_LIBRARIES = YES;
				DEVELOPMENT_TEAM = L9BCMT7FCU;
				INFOPLIST_FILE = MakeUITests/Info.plist;
				LD_RUNPATH_SEARCH_PATHS = "$(inherited) @executable_path/Frameworks @loader_path/Frameworks";
				PRODUCT_BUNDLE_IDENTIFIER = com.richstarbuck.MakeUITests;
				PRODUCT_NAME = "$(TARGET_NAME)";
				SWIFT_VERSION = 3.0;
				TEST_TARGET_NAME = Make;
			};
			name = Debug;
		};
		A143A7C11DEBF53A004DBC84 /* Release */ = {
			isa = XCBuildConfiguration;
			buildSettings = {
				ALWAYS_EMBED_SWIFT_STANDARD_LIBRARIES = YES;
				DEVELOPMENT_TEAM = L9BCMT7FCU;
				INFOPLIST_FILE = MakeUITests/Info.plist;
				LD_RUNPATH_SEARCH_PATHS = "$(inherited) @executable_path/Frameworks @loader_path/Frameworks";
				PRODUCT_BUNDLE_IDENTIFIER = com.richstarbuck.MakeUITests;
				PRODUCT_NAME = "$(TARGET_NAME)";
				SWIFT_VERSION = 3.0;
				TEST_TARGET_NAME = Make;
			};
			name = Release;
		};
/* End XCBuildConfiguration section */

/* Begin XCConfigurationList section */
		A143A7861DEBF539004DBC84 /* Build configuration list for PBXProject "Make" */ = {
			isa = XCConfigurationList;
			buildConfigurations = (
				A143A7B71DEBF53A004DBC84 /* Debug */,
				A143A7B81DEBF53A004DBC84 /* Release */,
			);
			defaultConfigurationIsVisible = 0;
			defaultConfigurationName = Release;
		};
		A143A7B91DEBF53A004DBC84 /* Build configuration list for PBXNativeTarget "Make" */ = {
			isa = XCConfigurationList;
			buildConfigurations = (
				A143A7BA1DEBF53A004DBC84 /* Debug */,
				A143A7BB1DEBF53A004DBC84 /* Release */,
			);
			defaultConfigurationIsVisible = 0;
			defaultConfigurationName = Release;
		};
		A143A7BC1DEBF53A004DBC84 /* Build configuration list for PBXNativeTarget "MakeTests" */ = {
			isa = XCConfigurationList;
			buildConfigurations = (
				A143A7BD1DEBF53A004DBC84 /* Debug */,
				A143A7BE1DEBF53A004DBC84 /* Release */,
			);
			defaultConfigurationIsVisible = 0;
			defaultConfigurationName = Release;
		};
		A143A7BF1DEBF53A004DBC84 /* Build configuration list for PBXNativeTarget "MakeUITests" */ = {
			isa = XCConfigurationList;
			buildConfigurations = (
				A143A7C01DEBF53A004DBC84 /* Debug */,
				A143A7C11DEBF53A004DBC84 /* Release */,
			);
			defaultConfigurationIsVisible = 0;
			defaultConfigurationName = Release;
		};
/* End XCConfigurationList section */

/* Begin XCVersionGroup section */
		A1DBE0781E0670590053758F /* SCModel.xcdatamodeld */ = {
			isa = XCVersionGroup;
			children = (
				A1DBE0791E0670590053758F /* SCModel.xcdatamodel */,
			);
			currentVersion = A1DBE0791E0670590053758F /* SCModel.xcdatamodel */;
			name = SCModel.xcdatamodeld;
			path = SourceCode/SCModel.xcdatamodeld;
			sourceTree = "<group>";
			versionGroupType = wrapper.xcdatamodel;
		};
/* End XCVersionGroup section */
	};
	rootObject = A143A7831DEBF539004DBC84 /* Project object */;
}
